
Microsoft Visual Studio Solution File, Format Version 12.00
# Visual Studio Version 16
VisualStudioVersion = 16.0.28803.202
MinimumVisualStudioVersion = 10.0.40219.1
Project("{FAE04EC0-301F-11D3-BF4B-00C04F79EFBC}") = "GGGC.Admin", "..\GGGC.Admin\GGGC.Admin.csproj", "{B613FE76-E57D-4C45-874C-23F3FCAD23A4}"
EndProject
Global
	GlobalSection(SolutionConfigurationPlatforms) = preSolution
		Debug|Any CPU = Debug|Any CPU
		Release|Any CPU = Release|Any CPU
	EndGlobalSection
	GlobalSection(ProjectConfigurationPlatforms) = postSolution
		{B613FE76-E57D-4C45-874C-23F3FCAD23A4}.Debug|Any CPU.ActiveCfg = Debug|Any CPU
		{B613FE76-E57D-4C45-874C-23F3FCAD23A4}.Debug|Any CPU.Build.0 = Debug|Any CPU
		{B613FE76-E57D-4C45-874C-23F3FCAD23A4}.Release|Any CPU.ActiveCfg = Release|Any CPU
		{B613FE76-E57D-4C45-874C-23F3FCAD23A4}.Release|Any CPU.Build.0 = Release|Any CPU
	EndGlobalSection
	GlobalSection(SolutionProperties) = preSolution
		HideSolutionNode = FALSE
	EndGlobalSection
	GlobalSection(ExtensibilityGlobals) = postSolution
		SolutionGuid = {08E93261-B28C-4D5F-89D7-1098744F9ABA}
	EndGlobalSection
EndGlobal
